// !$*UTF8*$!
{
	archiveVersion = 1;
	classes = {
	};
	objectVersion = 55;
	objects = {

/* Begin PBXBuildFile section */
		3390BD32732ED6F2663AF890 /* Pods_AirConditionerErrorCode.framework in Frameworks */ = {isa = PBXBuildFile; fileRef = E967F4E4946B5FC653380987 /* Pods_AirConditionerErrorCode.framework */; };
		FF78F6F7283BB0CF00725897 /* AppDelegate.swift in Sources */ = {isa = PBXBuildFile; fileRef = FF78F6F6283BB0CF00725897 /* AppDelegate.swift */; };
		FF78F6F9283BB0CF00725897 /* SceneDelegate.swift in Sources */ = {isa = PBXBuildFile; fileRef = FF78F6F8283BB0CF00725897 /* SceneDelegate.swift */; };
		FF78F6FB283BB0CF00725897 /* ViewController.swift in Sources */ = {isa = PBXBuildFile; fileRef = FF78F6FA283BB0CF00725897 /* ViewController.swift */; };
		FF78F6FE283BB0CF00725897 /* Main.storyboard in Resources */ = {isa = PBXBuildFile; fileRef = FF78F6FC283BB0CF00725897 /* Main.storyboard */; };
		FF78F700283BB0D000725897 /* Assets.xcassets in Resources */ = {isa = PBXBuildFile; fileRef = FF78F6FF283BB0D000725897 /* Assets.xcassets */; };
		FF78F703283BB0D000725897 /* LaunchScreen.storyboard in Resources */ = {isa = PBXBuildFile; fileRef = FF78F701283BB0D000725897 /* LaunchScreen.storyboard */; };
		FFBC10CE283FE6F900D08518 /* PacErrorCode.csv in Resources */ = {isa = PBXBuildFile; fileRef = FFBC10CD283FE6F900D08518 /* PacErrorCode.csv */; };
		FFFD4B8D283BB6B300D75B9C /* ErrorCode.swift in Sources */ = {isa = PBXBuildFile; fileRef = FFFD4B8C283BB6B300D75B9C /* ErrorCode.swift */; };
		FFFD4B8F283BBF6400D75B9C /* DetailViewController.swift in Sources */ = {isa = PBXBuildFile; fileRef = FFFD4B8E283BBF6400D75B9C /* DetailViewController.swift */; };
/* End PBXBuildFile section */

/* Begin PBXFileReference section */
		6F186DD7C8B4B7DA982DD99E /* Pods-AirConditionerErrorCode.debug.xcconfig */ = {isa = PBXFileReference; includeInIndex = 1; lastKnownFileType = text.xcconfig; name = "Pods-AirConditionerErrorCode.debug.xcconfig"; path = "Target Support Files/Pods-AirConditionerErrorCode/Pods-AirConditionerErrorCode.debug.xcconfig"; sourceTree = "<group>"; };
		9B0BAEB9C2EA1872399F7036 /* Pods-AirConditionerErrorCode.release.xcconfig */ = {isa = PBXFileReference; includeInIndex = 1; lastKnownFileType = text.xcconfig; name = "Pods-AirConditionerErrorCode.release.xcconfig"; path = "Target Support Files/Pods-AirConditionerErrorCode/Pods-AirConditionerErrorCode.release.xcconfig"; sourceTree = "<group>"; };
		E967F4E4946B5FC653380987 /* Pods_AirConditionerErrorCode.framework */ = {isa = PBXFileReference; explicitFileType = wrapper.framework; includeInIndex = 0; path = Pods_AirConditionerErrorCode.framework; sourceTree = BUILT_PRODUCTS_DIR; };
		FF78F6F3283BB0CE00725897 /* AirConditionerErrorCode.app */ = {isa = PBXFileReference; explicitFileType = wrapper.application; includeInIndex = 0; path = AirConditionerErrorCode.app; sourceTree = BUILT_PRODUCTS_DIR; };
		FF78F6F6283BB0CF00725897 /* AppDelegate.swift */ = {isa = PBXFileReference; lastKnownFileType = sourcecode.swift; path = AppDelegate.swift; sourceTree = "<group>"; };
		FF78F6F8283BB0CF00725897 /* SceneDelegate.swift */ = {isa = PBXFileReference; lastKnownFileType = sourcecode.swift; path = SceneDelegate.swift; sourceTree = "<group>"; };
		FF78F6FA283BB0CF00725897 /* ViewController.swift */ = {isa = PBXFileReference; lastKnownFileType = sourcecode.swift; path = ViewController.swift; sourceTree = "<group>"; };
		FF78F6FD283BB0CF00725897 /* Base */ = {isa = PBXFileReference; lastKnownFileType = file.storyboard; name = Base; path = Base.lproj/Main.storyboard; sourceTree = "<group>"; };
		FF78F6FF283BB0D000725897 /* Assets.xcassets */ = {isa = PBXFileReference; lastKnownFileType = folder.assetcatalog; path = Assets.xcassets; sourceTree = "<group>"; };
		FF78F702283BB0D000725897 /* Base */ = {isa = PBXFileReference; lastKnownFileType = file.storyboard; name = Base; path = Base.lproj/LaunchScreen.storyboard; sourceTree = "<group>"; };
		FF78F704283BB0D000725897 /* Info.plist */ = {isa = PBXFileReference; lastKnownFileType = text.plist.xml; path = Info.plist; sourceTree = "<group>"; };
		FFBC10CD283FE6F900D08518 /* PacErrorCode.csv */ = {isa = PBXFileReference; fileEncoding = 4; lastKnownFileType = text; path = PacErrorCode.csv; sourceTree = "<group>"; };
		FFFD4B8C283BB6B300D75B9C /* ErrorCode.swift */ = {isa = PBXFileReference; lastKnownFileType = sourcecode.swift; path = ErrorCode.swift; sourceTree = "<group>"; };
		FFFD4B8E283BBF6400D75B9C /* DetailViewController.swift */ = {isa = PBXFileReference; lastKnownFileType = sourcecode.swift; path = DetailViewController.swift; sourceTree = "<group>"; };
/* End PBXFileReference section */

/* Begin PBXFrameworksBuildPhase section */
		FF78F6F0283BB0CE00725897 /* Frameworks */ = {
			isa = PBXFrameworksBuildPhase;
			buildActionMask = 2147483647;
			files = (
				3390BD32732ED6F2663AF890 /* Pods_AirConditionerErrorCode.framework in Frameworks */,
			);
			runOnlyForDeploymentPostprocessing = 0;
		};
/* End PBXFrameworksBuildPhase section */

/* Begin PBXGroup section */
		0447D49145AD9CE56342F138 /* Pods */ = {
			isa = PBXGroup;
			children = (
				6F186DD7C8B4B7DA982DD99E /* Pods-AirConditionerErrorCode.debug.xcconfig */,
				9B0BAEB9C2EA1872399F7036 /* Pods-AirConditionerErrorCode.release.xcconfig */,
			);
			path = Pods;
			sourceTree = "<group>";
		};
		706673EBBCD82D0216FD3F99 /* Frameworks */ = {
			isa = PBXGroup;
			children = (
				E967F4E4946B5FC653380987 /* Pods_AirConditionerErrorCode.framework */,
			);
			name = Frameworks;
			sourceTree = "<group>";
		};
		FF78F6EA283BB0CE00725897 = {
			isa = PBXGroup;
			children = (
				FF78F6F5283BB0CE00725897 /* AirConditionerErrorCode */,
				FF78F6F4283BB0CE00725897 /* Products */,
				0447D49145AD9CE56342F138 /* Pods */,
				706673EBBCD82D0216FD3F99 /* Frameworks */,
			);
			sourceTree = "<group>";
		};
		FF78F6F4283BB0CE00725897 /* Products */ = {
			isa = PBXGroup;
			children = (
				FF78F6F3283BB0CE00725897 /* AirConditionerErrorCode.app */,
			);
			name = Products;
			sourceTree = "<group>";
		};
		FF78F6F5283BB0CE00725897 /* AirConditionerErrorCode */ = {
			isa = PBXGroup;
			children = (
				FF78F6F6283BB0CF00725897 /* AppDelegate.swift */,
				FFFD4B8C283BB6B300D75B9C /* ErrorCode.swift */,
				FF78F6F8283BB0CF00725897 /* SceneDelegate.swift */,
				FFFD4B8E283BBF6400D75B9C /* DetailViewController.swift */,
				FF78F6FA283BB0CF00725897 /* ViewController.swift */,
				FF78F6FC283BB0CF00725897 /* Main.storyboard */,
				FF78F6FF283BB0D000725897 /* Assets.xcassets */,
				FFBC10CD283FE6F900D08518 /* PacErrorCode.csv */,
				FF78F701283BB0D000725897 /* LaunchScreen.storyboard */,
				FF78F704283BB0D000725897 /* Info.plist */,
			);
			path = AirConditionerErrorCode;
			sourceTree = "<group>";
		};
/* End PBXGroup section */

/* Begin PBXNativeTarget section */
		FF78F6F2283BB0CE00725897 /* AirConditionerErrorCode */ = {
			isa = PBXNativeTarget;
			buildConfigurationList = FF78F707283BB0D000725897 /* Build configuration list for PBXNativeTarget "AirConditionerErrorCode" */;
			buildPhases = (
				7C5F4A48D6F6E27D7D1D9565 /* [CP] Check Pods Manifest.lock */,
				FF78F6EF283BB0CE00725897 /* Sources */,
				FF78F6F0283BB0CE00725897 /* Frameworks */,
				FF78F6F1283BB0CE00725897 /* Resources */,
				517A3406A4316C976335F0B8 /* [CP] Embed Pods Frameworks */,
			);
			buildRules = (
			);
			dependencies = (
			);
			name = AirConditionerErrorCode;
			productName = AirConditionerErrorCode;
			productReference = FF78F6F3283BB0CE00725897 /* AirConditionerErrorCode.app */;
			productType = "com.apple.product-type.application";
		};
/* End PBXNativeTarget section */

/* Begin PBXProject section */
		FF78F6EB283BB0CE00725897 /* Project object */ = {
			isa = PBXProject;
			attributes = {
				BuildIndependentTargetsInParallel = 1;
				LastSwiftUpdateCheck = 1330;
				LastUpgradeCheck = 1330;
				TargetAttributes = {
					FF78F6F2283BB0CE00725897 = {
						CreatedOnToolsVersion = 13.3.1;
					};
				};
			};
			buildConfigurationList = FF78F6EE283BB0CE00725897 /* Build configuration list for PBXProject "AirConditionerErrorCode" */;
			compatibilityVersion = "Xcode 13.0";
			developmentRegion = en;
			hasScannedForEncodings = 0;
			knownRegions = (
				en,
				Base,
			);
			mainGroup = FF78F6EA283BB0CE00725897;
			productRefGroup = FF78F6F4283BB0CE00725897 /* Products */;
			projectDirPath = "";
			projectRoot = "";
			targets = (
				FF78F6F2283BB0CE00725897 /* AirConditionerErrorCode */,
			);
		};
/* End PBXProject section */

/* Begin PBXResourcesBuildPhase section */
		FF78F6F1283BB0CE00725897 /* Resources */ = {
			isa = PBXResourcesBuildPhase;
			buildActionMask = 2147483647;
			files = (
				FF78F703283BB0D000725897 /* LaunchScreen.storyboard in Resources */,
				FF78F700283BB0D000725897 /* Assets.xcassets in Resources */,
				FF78F6FE283BB0CF00725897 /* Main.storyboard in Resources */,
				FFBC10CE283FE6F900D08518 /* PacErrorCode.csv in Resources */,
			);
			runOnlyForDeploymentPostprocessing = 0;
		};
/* End PBXResourcesBuildPhase section */

/* Begin PBXShellScriptBuildPhase section */
		517A3406A4316C976335F0B8 /* [CP] Embed Pods Frameworks */ = {
			isa = PBXShellScriptBuildPhase;
			buildActionMask = 2147483647;
			files = (
			);
			inputFileListPaths = (
				"${PODS_ROOT}/Target Support Files/Pods-AirConditionerErrorCode/Pods-AirConditionerErrorCode-frameworks-${CONFIGURATION}-input-files.xcfilelist",
			);
			name = "[CP] Embed Pods Frameworks";
			outputFileListPaths = (
				"${PODS_ROOT}/Target Support Files/Pods-AirConditionerErrorCode/Pods-AirConditionerErrorCode-frameworks-${CONFIGURATION}-output-files.xcfilelist",
			);
			runOnlyForDeploymentPostprocessing = 0;
			shellPath = /bin/sh;
			shellScript = "\"${PODS_ROOT}/Target Support Files/Pods-AirConditionerErrorCode/Pods-AirConditionerErrorCode-frameworks.sh\"\n";
			showEnvVarsInLog = 0;
		};
		7C5F4A48D6F6E27D7D1D9565 /* [CP] Check Pods Manifest.lock */ = {
			isa = PBXShellScriptBuildPhase;
			buildActionMask = 2147483647;
			files = (
			);
			inputFileListPaths = (
			);
			inputPaths = (
				"${PODS_PODFILE_DIR_PATH}/Podfile.lock",
				"${PODS_ROOT}/Manifest.lock",
			);
			name = "[CP] Check Pods Manifest.lock";
			outputFileListPaths = (
			);
			outputPaths = (
				"$(DERIVED_FILE_DIR)/Pods-AirConditionerErrorCode-checkManifestLockResult.txt",
			);
			runOnlyForDeploymentPostprocessing = 0;
			shellPath = /bin/sh;
			shellScript = "diff \"${PODS_PODFILE_DIR_PATH}/Podfile.lock\" \"${PODS_ROOT}/Manifest.lock\" > /dev/null\nif [ $? != 0 ] ; then\n    # print error to STDERR\n    echo \"error: The sandbox is not in sync with the Podfile.lock. Run 'pod install' or update your CocoaPods installation.\" >&2\n    exit 1\nfi\n# This output is used by Xcode 'outputs' to avoid re-running this script phase.\necho \"SUCCESS\" > \"${SCRIPT_OUTPUT_FILE_0}\"\n";
			showEnvVarsInLog = 0;
		};
/* End PBXShellScriptBuildPhase section */

/* Begin PBXSourcesBuildPhase section */
		FF78F6EF283BB0CE00725897 /* Sources */ = {
			isa = PBXSourcesBuildPhase;
			buildActionMask = 2147483647;
			files = (
				FF78F6FB283BB0CF00725897 /* ViewController.swift in Sources */,
				FF78F6F7283BB0CF00725897 /* AppDelegate.swift in Sources */,
				FFFD4B8F283BBF6400D75B9C /* DetailViewController.swift in Sources */,
				FF78F6F9283BB0CF00725897 /* SceneDelegate.swift in Sources */,
				FFFD4B8D283BB6B300D75B9C /* ErrorCode.swift in Sources */,
			);
			runOnlyForDeploymentPostprocessing = 0;
		};
/* End PBXSourcesBuildPhase section */

/* Begin PBXVariantGroup section */
		FF78F6FC283BB0CF00725897 /* Main.storyboard */ = {
			isa = PBXVariantGroup;
			children = (
				FF78F6FD283BB0CF00725897 /* Base */,
			);
			name = Main.storyboard;
			sourceTree = "<group>";
		};
		FF78F701283BB0D000725897 /* LaunchScreen.storyboard */ = {
			isa = PBXVariantGroup;
			children = (
				FF78F702283BB0D000725897 /* Base */,
			);
			name = LaunchScreen.storyboard;
			sourceTree = "<group>";
		};
/* End PBXVariantGroup section */

/* Begin XCBuildConfiguration section */
		FF78F705283BB0D000725897 /* Debug */ = {
			isa = XCBuildConfiguration;
			buildSettings = {
				ALWAYS_SEARCH_USER_PATHS = NO;
				CLANG_ANALYZER_NONNULL = YES;
				CLANG_ANALYZER_NUMBER_OBJECT_CONVERSION = YES_AGGRESSIVE;
				CLANG_CXX_LANGUAGE_STANDARD = "gnu++17";
				CLANG_ENABLE_MODULES = YES;
				CLANG_ENABLE_OBJC_ARC = YES;
				CLANG_ENABLE_OBJC_WEAK = YES;
				CLANG_WARN_BLOCK_CAPTURE_AUTORELEASING = YES;
				CLANG_WARN_BOOL_CONVERSION = YES;
				CLANG_WARN_COMMA = YES;
				CLANG_WARN_CONSTANT_CONVERSION = YES;
				CLANG_WARN_DEPRECATED_OBJC_IMPLEMENTATIONS = YES;
				CLANG_WARN_DIRECT_OBJC_ISA_USAGE = YES_ERROR;
				CLANG_WARN_DOCUMENTATION_COMMENTS = YES;
				CLANG_WARN_EMPTY_BODY = YES;
				CLANG_WARN_ENUM_CONVERSION = YES;
				CLANG_WARN_INFINITE_RECURSION = YES;
				CLANG_WARN_INT_CONVERSION = YES;
				CLANG_WARN_NON_LITERAL_NULL_CONVERSION = YES;
				CLANG_WARN_OBJC_IMPLICIT_RETAIN_SELF = YES;
				CLANG_WARN_OBJC_LITERAL_CONVERSION = YES;
				CLANG_WARN_OBJC_ROOT_CLASS = YES_ERROR;
				CLANG_WARN_QUOTED_INCLUDE_IN_FRAMEWORK_HEADER = YES;
				CLANG_WARN_RANGE_LOOP_ANALYSIS = YES;
				CLANG_WARN_STRICT_PROTOTYPES = YES;
				CLANG_WARN_SUSPICIOUS_MOVE = YES;
				CLANG_WARN_UNGUARDED_AVAILABILITY = YES_AGGRESSIVE;
				CLANG_WARN_UNREACHABLE_CODE = YES;
				CLANG_WARN__DUPLICATE_METHOD_MATCH = YES;
				COPY_PHASE_STRIP = NO;
				DEBUG_INFORMATION_FORMAT = dwarf;
				ENABLE_STRICT_OBJC_MSGSEND = YES;
				ENABLE_TESTABILITY = YES;
				GCC_C_LANGUAGE_STANDARD = gnu11;
				GCC_DYNAMIC_NO_PIC = NO;
				GCC_NO_COMMON_BLOCKS = YES;
				GCC_OPTIMIZATION_LEVEL = 0;
				GCC_PREPROCESSOR_DEFINITIONS = (
					"DEBUG=1",
					"$(inherited)",
				);
				GCC_WARN_64_TO_32_BIT_CONVERSION = YES;
				GCC_WARN_ABOUT_RETURN_TYPE = YES_ERROR;
				GCC_WARN_UNDECLARED_SELECTOR = YES;
				GCC_WARN_UNINITIALIZED_AUTOS = YES_AGGRESSIVE;
				GCC_WARN_UNUSED_FUNCTION = YES;
				GCC_WARN_UNUSED_VARIABLE = YES;
				IPHONEOS_DEPLOYMENT_TARGET = 15.4;
				MTL_ENABLE_DEBUG_INFO = INCLUDE_SOURCE;
				MTL_FAST_MATH = YES;
				ONLY_ACTIVE_ARCH = YES;
				SDKROOT = iphoneos;
				SWIFT_ACTIVE_COMPILATION_CONDITIONS = DEBUG;
				SWIFT_OPTIMIZATION_LEVEL = "-Onone";
			};
			name = Debug;
		};
		FF78F706283BB0D000725897 /* Release */ = {
			isa = XCBuildConfiguration;
			buildSettings = {
				ALWAYS_SEARCH_USER_PATHS = NO;
				CLANG_ANALYZER_NONNULL = YES;
				CLANG_ANALYZER_NUMBER_OBJECT_CONVERSION = YES_AGGRESSIVE;
				CLANG_CXX_LANGUAGE_STANDARD = "gnu++17";
				CLANG_ENABLE_MODULES = YES;
				CLANG_ENABLE_OBJC_ARC = YES;
				CLANG_ENABLE_OBJC_WEAK = YES;
				CLANG_WARN_BLOCK_CAPTURE_AUTORELEASING = YES;
				CLANG_WARN_BOOL_CONVERSION = YES;
				CLANG_WARN_COMMA = YES;
				CLANG_WARN_CONSTANT_CONVERSION = YES;
				CLANG_WARN_DEPRECATED_OBJC_IMPLEMENTATIONS = YES;
				CLANG_WARN_DIRECT_OBJC_ISA_USAGE = YES_ERROR;
				CLANG_WARN_DOCUMENTATION_COMMENTS = YES;
				CLANG_WARN_EMPTY_BODY = YES;
				CLANG_WARN_ENUM_CONVERSION = YES;
				CLANG_WARN_INFINITE_RECURSION = YES;
				CLANG_WARN_INT_CONVERSION = YES;
				CLANG_WARN_NON_LITERAL_NULL_CONVERSION = YES;
				CLANG_WARN_OBJC_IMPLICIT_RETAIN_SELF = YES;
				CLANG_WARN_OBJC_LITERAL_CONVERSION = YES;
				CLANG_WARN_OBJC_ROOT_CLASS = YES_ERROR;
				CLANG_WARN_QUOTED_INCLUDE_IN_FRAMEWORK_HEADER = YES;
				CLANG_WARN_RANGE_LOOP_ANALYSIS = YES;
				CLANG_WARN_STRICT_PROTOTYPES = YES;
				CLANG_WARN_SUSPICIOUS_MOVE = YES;
				CLANG_WARN_UNGUARDED_AVAILABILITY = YES_AGGRESSIVE;
				CLANG_WARN_UNREACHABLE_CODE = YES;
				CLANG_WARN__DUPLICATE_METHOD_MATCH = YES;
				COPY_PHASE_STRIP = NO;
				DEBUG_INFORMATION_FORMAT = "dwarf-with-dsym";
				ENABLE_NS_ASSERTIONS = NO;
				ENABLE_STRICT_OBJC_MSGSEND = YES;
				GCC_C_LANGUAGE_STANDARD = gnu11;
				GCC_NO_COMMON_BLOCKS = YES;
				GCC_WARN_64_TO_32_BIT_CONVERSION = YES;
				GCC_WARN_ABOUT_RETURN_TYPE = YES_ERROR;
				GCC_WARN_UNDECLARED_SELECTOR = YES;
				GCC_WARN_UNINITIALIZED_AUTOS = YES_AGGRESSIVE;
				GCC_WARN_UNUSED_FUNCTION = YES;
				GCC_WARN_UNUSED_VARIABLE = YES;
				IPHONEOS_DEPLOYMENT_TARGET = 15.4;
				MTL_ENABLE_DEBUG_INFO = NO;
				MTL_FAST_MATH = YES;
				SDKROOT = iphoneos;
				SWIFT_COMPILATION_MODE = wholemodule;
				SWIFT_OPTIMIZATION_LEVEL = "-O";
				VALIDATE_PRODUCT = YES;
			};
			name = Release;
		};
		FF78F708283BB0D000725897 /* Debug */ = {
			isa = XCBuildConfiguration;
			baseConfigurationReference = 6F186DD7C8B4B7DA982DD99E /* Pods-AirConditionerErrorCode.debug.xcconfig */;
			buildSettings = {
				ASSETCATALOG_COMPILER_APPICON_NAME = AppIcon;
				ASSETCATALOG_COMPILER_GLOBAL_ACCENT_COLOR_NAME = AccentColor;
				CODE_SIGN_STYLE = Automatic;
				CURRENT_PROJECT_VERSION = 1;
				DEVELOPMENT_TEAM = C9U8VZMUKK;
				GENERATE_INFOPLIST_FILE = YES;
				INFOPLIST_FILE = AirConditionerErrorCode/Info.plist;
				INFOPLIST_KEY_UIApplicationSupportsIndirectInputEvents = YES;
				INFOPLIST_KEY_UILaunchStoryboardName = LaunchScreen;
				INFOPLIST_KEY_UIMainStoryboardFile = Main;
				INFOPLIST_KEY_UISupportedInterfaceOrientations_iPad = UIInterfaceOrientationPortrait;
				INFOPLIST_KEY_UISupportedInterfaceOrientations_iPhone = "UIInterfaceOrientationPortrait UIInterfaceOrientationLandscapeLeft UIInterfaceOrientationLandscapeRight";
				IPHONEOS_DEPLOYMENT_TARGET = 15.0;
				LD_RUNPATH_SEARCH_PATHS = (
					"$(inherited)",
					"@executable_path/Frameworks",
				);
				MARKETING_VERSION = 1.0;
				PRODUCT_BUNDLE_IDENTIFIER = jp.techacademy.EzoRisu.AirConditionerErrorCode;
				PRODUCT_NAME = "$(TARGET_NAME)";
				SWIFT_EMIT_LOC_STRINGS = YES;
				SWIFT_VERSION = 5.0;
				TARGETED_DEVICE_FAMILY = 1;
			};
			name = Debug;
		};
		FF78F709283BB0D000725897 /* Release */ = {
			isa = XCBuildConfiguration;
			baseConfigurationReference = 9B0BAEB9C2EA1872399F7036 /* Pods-AirConditionerErrorCode.release.xcconfig */;
			buildSettings = {
				ASSETCATALOG_COMPILER_APPICON_NAME = AppIcon;
				ASSETCATALOG_COMPILER_GLOBAL_ACCENT_COLOR_NAME = AccentColor;
				CODE_SIGN_STYLE = Automatic;
				CURRENT_PROJECT_VERSION = 1;
				DEVELOPMENT_TEAM = C9U8VZMUKK;
				GENERATE_INFOPLIST_FILE = YES;
				INFOPLIST_FILE = AirConditionerErrorCode/Info.plist;
				INFOPLIST_KEY_UIApplicationSupportsIndirectInputEvents = YES;
				INFOPLIST_KEY_UILaunchStoryboardName = LaunchScreen;
				INFOPLIST_KEY_UIMainStoryboardFile = Main;
				INFOPLIST_KEY_UISupportedInterfaceOrientations_iPad = UIInterfaceOrientationPortrait;
				INFOPLIST_KEY_UISupportedInterfaceOrientations_iPhone = "UIInterfaceOrientationPortrait UIInterfaceOrientationLandscapeLeft UIInterfaceOrientationLandscapeRight";
				IPHONEOS_DEPLOYMENT_TARGET = 15.0;
				LD_RUNPATH_SEARCH_PATHS = (
					"$(inherited)",
					"@executable_path/Frameworks",
				);
				MARKETING_VERSION = 1.0;
				PRODUCT_BUNDLE_IDENTIFIER = jp.techacademy.EzoRisu.AirConditionerErrorCode;
				PRODUCT_NAME = "$(TARGET_NAME)";
				SWIFT_EMIT_LOC_STRINGS = YES;
				SWIFT_VERSION = 5.0;
				TARGETED_DEVICE_FAMILY = 1;
			};
			name = Release;
		};
/* End XCBuildConfiguration section */

/* Begin XCConfigurationList section */
		FF78F6EE283BB0CE00725897 /* Build configuration list for PBXProject "AirConditionerErrorCode" */ = {
			isa = XCConfigurationList;
			buildConfigurations = (
				FF78F705283BB0D000725897 /* Debug */,
				FF78F706283BB0D000725897 /* Release */,
			);
			defaultConfigurationIsVisible = 0;
			defaultConfigurationName = Release;
		};
		FF78F707283BB0D000725897 /* Build configuration list for PBXNativeTarget "AirConditionerErrorCode" */ = {
			isa = XCConfigurationList;
			buildConfigurations = (
				FF78F708283BB0D000725897 /* Debug */,
				FF78F709283BB0D000725897 /* Release */,
			);
			defaultConfigurationIsVisible = 0;
			defaultConfigurationName = Release;
		};
/* End XCConfigurationList section */
	};
	rootObject = FF78F6EB283BB0CE00725897 /* Project object */;
}
